
Microsoft Visual Studio Solution File, Format Version 12.00
# Visual Studio Version 17
VisualStudioVersion = 17.7.34202.233
MinimumVisualStudioVersion = 10.0.40219.1
Project("{FAE04EC0-301F-11D3-BF4B-00C04F79EFBC}") = "ECA.Domain", "Enter.CleanArtitechture\ECA.Domain.csproj", "{451EA961-0788-4A84-A41E-3E36D9C9B409}"
EndProject
Project("{2150E333-8FDC-42A3-9474-1A3956D46DE8}") = "2-Domain", "2-Domain", "{9C685FA7-0269-4C8D-8B4D-A0C3F7342286}"
EndProject
Project("{2150E333-8FDC-42A3-9474-1A3956D46DE8}") = "3-Application", "3-Application", "{4B38BBCB-1416-4B14-BE8C-EAFEFC67E03A}"
EndProject
Project("{2150E333-8FDC-42A3-9474-1A3956D46DE8}") = "4-Infrastructure", "4-Infrastructure", "{DBA25D26-8026-4D93-9F3A-B4F3DD144172}"
EndProject
Project("{2150E333-8FDC-42A3-9474-1A3956D46DE8}") = "5-Presentation", "5-Presentation", "{3D13F9A9-59D5-4177-9F44-6031C13B913B}"
EndProject
Project("{FAE04EC0-301F-11D3-BF4B-00C04F79EFBC}") = "ECA.Domain.Core", "ECA.Domain.Core\ECA.Domain.Core.csproj", "{9D86C7D7-3A19-4FF0-929F-BE533A8B3424}"
EndProject
Project("{FAE04EC0-301F-11D3-BF4B-00C04F79EFBC}") = "ECA.Application.Abstractions", "ECA.Application.Abstractions\ECA.Application.Abstractions.csproj", "{0459788D-ED50-466F-9B2A-0E1E29DC2D3A}"
EndProject
Project("{FAE04EC0-301F-11D3-BF4B-00C04F79EFBC}") = "ECA.Application", "ECA.Application\ECA.Application.csproj", "{29C5FFBA-8564-4E80-9039-EAF9720C7E2E}"
EndProject
Project("{FAE04EC0-301F-11D3-BF4B-00C04F79EFBC}") = "ECA.Infrastructure.Data", "ECA.Infrastructure.Data\ECA.Infrastructure.Data.csproj", "{773E0F38-7BEC-40B6-88F9-6F476834FFD8}"
EndProject
Project("{2150E333-8FDC-42A3-9474-1A3956D46DE8}") = "1-Common", "1-Common", "{2517F46B-4498-490D-9A70-666B432EA4CB}"
EndProject
Global
	GlobalSection(SolutionConfigurationPlatforms) = preSolution
		Debug|Any CPU = Debug|Any CPU
		Release|Any CPU = Release|Any CPU
	EndGlobalSection
	GlobalSection(ProjectConfigurationPlatforms) = postSolution
		{451EA961-0788-4A84-A41E-3E36D9C9B409}.Debug|Any CPU.ActiveCfg = Debug|Any CPU
		{451EA961-0788-4A84-A41E-3E36D9C9B409}.Debug|Any CPU.Build.0 = Debug|Any CPU
		{451EA961-0788-4A84-A41E-3E36D9C9B409}.Release|Any CPU.ActiveCfg = Release|Any CPU
		{451EA961-0788-4A84-A41E-3E36D9C9B409}.Release|Any CPU.Build.0 = Release|Any CPU
		{9D86C7D7-3A19-4FF0-929F-BE533A8B3424}.Debug|Any CPU.ActiveCfg = Debug|Any CPU
		{9D86C7D7-3A19-4FF0-929F-BE533A8B3424}.Debug|Any CPU.Build.0 = Debug|Any CPU
		{9D86C7D7-3A19-4FF0-929F-BE533A8B3424}.Release|Any CPU.ActiveCfg = Release|Any CPU
		{9D86C7D7-3A19-4FF0-929F-BE533A8B3424}.Release|Any CPU.Build.0 = Release|Any CPU
		{0459788D-ED50-466F-9B2A-0E1E29DC2D3A}.Debug|Any CPU.ActiveCfg = Debug|Any CPU
		{0459788D-ED50-466F-9B2A-0E1E29DC2D3A}.Debug|Any CPU.Build.0 = Debug|Any CPU
		{0459788D-ED50-466F-9B2A-0E1E29DC2D3A}.Release|Any CPU.ActiveCfg = Release|Any CPU
		{0459788D-ED50-466F-9B2A-0E1E29DC2D3A}.Release|Any CPU.Build.0 = Release|Any CPU
		{29C5FFBA-8564-4E80-9039-EAF9720C7E2E}.Debug|Any CPU.ActiveCfg = Debug|Any CPU
		{29C5FFBA-8564-4E80-9039-EAF9720C7E2E}.Debug|Any CPU.Build.0 = Debug|Any CPU
		{29C5FFBA-8564-4E80-9039-EAF9720C7E2E}.Release|Any CPU.ActiveCfg = Release|Any CPU
		{29C5FFBA-8564-4E80-9039-EAF9720C7E2E}.Release|Any CPU.Build.0 = Release|Any CPU
		{773E0F38-7BEC-40B6-88F9-6F476834FFD8}.Debug|Any CPU.ActiveCfg = Debug|Any CPU
		{773E0F38-7BEC-40B6-88F9-6F476834FFD8}.Debug|Any CPU.Build.0 = Debug|Any CPU
		{773E0F38-7BEC-40B6-88F9-6F476834FFD8}.Release|Any CPU.ActiveCfg = Release|Any CPU
		{773E0F38-7BEC-40B6-88F9-6F476834FFD8}.Release|Any CPU.Build.0 = Release|Any CPU
	EndGlobalSection
	GlobalSection(SolutionProperties) = preSolution
		HideSolutionNode = FALSE
	EndGlobalSection
	GlobalSection(NestedProjects) = preSolution
		{451EA961-0788-4A84-A41E-3E36D9C9B409} = {9C685FA7-0269-4C8D-8B4D-A0C3F7342286}
		{9D86C7D7-3A19-4FF0-929F-BE533A8B3424} = {9C685FA7-0269-4C8D-8B4D-A0C3F7342286}
		{0459788D-ED50-466F-9B2A-0E1E29DC2D3A} = {4B38BBCB-1416-4B14-BE8C-EAFEFC67E03A}
		{29C5FFBA-8564-4E80-9039-EAF9720C7E2E} = {4B38BBCB-1416-4B14-BE8C-EAFEFC67E03A}
		{773E0F38-7BEC-40B6-88F9-6F476834FFD8} = {DBA25D26-8026-4D93-9F3A-B4F3DD144172}
	EndGlobalSection
	GlobalSection(ExtensibilityGlobals) = postSolution
		SolutionGuid = {CED9A157-CE35-40FF-97D2-6AD4AACF86D7}
	EndGlobalSection
EndGlobal
