
Microsoft Visual Studio Solution File, Format Version 12.00
# Visual Studio Version 17
VisualStudioVersion = 17.7.34202.233
MinimumVisualStudioVersion = 10.0.40219.1
Project("{2150E333-8FDC-42A3-9474-1A3956D46DE8}") = "2-Domain", "2-Domain", "{9C685FA7-0269-4C8D-8B4D-A0C3F7342286}"
EndProject
Project("{2150E333-8FDC-42A3-9474-1A3956D46DE8}") = "3-Application", "3-Application", "{4B38BBCB-1416-4B14-BE8C-EAFEFC67E03A}"
EndProject
Project("{2150E333-8FDC-42A3-9474-1A3956D46DE8}") = "4-Infrastructure", "4-Infrastructure", "{DBA25D26-8026-4D93-9F3A-B4F3DD144172}"
EndProject
Project("{2150E333-8FDC-42A3-9474-1A3956D46DE8}") = "5-Presentation", "5-Presentation", "{3D13F9A9-59D5-4177-9F44-6031C13B913B}"
EndProject
Project("{9A19103F-16F7-4668-BE54-9A1E7A4F7556}") = "ECA.Application", "ECA.Application\ECA.Application.csproj", "{29C5FFBA-8564-4E80-9039-EAF9720C7E2E}"
EndProject
Project("{9A19103F-16F7-4668-BE54-9A1E7A4F7556}") = "ECA.Infrastructure.Data", "ECA.Infrastructure.Data\ECA.Infrastructure.Data.csproj", "{773E0F38-7BEC-40B6-88F9-6F476834FFD8}"
EndProject
Project("{2150E333-8FDC-42A3-9474-1A3956D46DE8}") = "1-Common", "1-Common", "{2517F46B-4498-490D-9A70-666B432EA4CB}"
EndProject
Project("{FAE04EC0-301F-11D3-BF4B-00C04F79EFBC}") = "ECA.Infrastructure.IOC", "ECA.Infrastructure.IOC\ECA.Infrastructure.IOC.csproj", "{443216A8-28FC-4E85-8F08-6FD33A2B0AE3}"
EndProject
Project("{FAE04EC0-301F-11D3-BF4B-00C04F79EFBC}") = "ECA.Common", "ECA.Common\ECA.Common.csproj", "{B7F546CF-5755-480E-ADC1-901AF0FFFCB9}"
EndProject
Project("{FAE04EC0-301F-11D3-BF4B-00C04F79EFBC}") = "ECA.Domain", "ECA.Domain\ECA.Domain.csproj", "{D6055091-C9EA-442D-B417-8B2E25BE54A5}"
EndProject
Global
	GlobalSection(SolutionConfigurationPlatforms) = preSolution
		Debug|Any CPU = Debug|Any CPU
		Release|Any CPU = Release|Any CPU
	EndGlobalSection
	GlobalSection(ProjectConfigurationPlatforms) = postSolution
		{29C5FFBA-8564-4E80-9039-EAF9720C7E2E}.Debug|Any CPU.ActiveCfg = Debug|Any CPU
		{29C5FFBA-8564-4E80-9039-EAF9720C7E2E}.Debug|Any CPU.Build.0 = Debug|Any CPU
		{29C5FFBA-8564-4E80-9039-EAF9720C7E2E}.Release|Any CPU.ActiveCfg = Release|Any CPU
		{29C5FFBA-8564-4E80-9039-EAF9720C7E2E}.Release|Any CPU.Build.0 = Release|Any CPU
		{773E0F38-7BEC-40B6-88F9-6F476834FFD8}.Debug|Any CPU.ActiveCfg = Debug|Any CPU
		{773E0F38-7BEC-40B6-88F9-6F476834FFD8}.Debug|Any CPU.Build.0 = Debug|Any CPU
		{773E0F38-7BEC-40B6-88F9-6F476834FFD8}.Release|Any CPU.ActiveCfg = Release|Any CPU
		{773E0F38-7BEC-40B6-88F9-6F476834FFD8}.Release|Any CPU.Build.0 = Release|Any CPU
		{443216A8-28FC-4E85-8F08-6FD33A2B0AE3}.Debug|Any CPU.ActiveCfg = Debug|Any CPU
		{443216A8-28FC-4E85-8F08-6FD33A2B0AE3}.Debug|Any CPU.Build.0 = Debug|Any CPU
		{443216A8-28FC-4E85-8F08-6FD33A2B0AE3}.Release|Any CPU.ActiveCfg = Release|Any CPU
		{443216A8-28FC-4E85-8F08-6FD33A2B0AE3}.Release|Any CPU.Build.0 = Release|Any CPU
		{B7F546CF-5755-480E-ADC1-901AF0FFFCB9}.Debug|Any CPU.ActiveCfg = Debug|Any CPU
		{B7F546CF-5755-480E-ADC1-901AF0FFFCB9}.Debug|Any CPU.Build.0 = Debug|Any CPU
		{B7F546CF-5755-480E-ADC1-901AF0FFFCB9}.Release|Any CPU.ActiveCfg = Release|Any CPU
		{B7F546CF-5755-480E-ADC1-901AF0FFFCB9}.Release|Any CPU.Build.0 = Release|Any CPU
		{D6055091-C9EA-442D-B417-8B2E25BE54A5}.Debug|Any CPU.ActiveCfg = Debug|Any CPU
		{D6055091-C9EA-442D-B417-8B2E25BE54A5}.Debug|Any CPU.Build.0 = Debug|Any CPU
		{D6055091-C9EA-442D-B417-8B2E25BE54A5}.Release|Any CPU.ActiveCfg = Release|Any CPU
		{D6055091-C9EA-442D-B417-8B2E25BE54A5}.Release|Any CPU.Build.0 = Release|Any CPU
	EndGlobalSection
	GlobalSection(SolutionProperties) = preSolution
		HideSolutionNode = FALSE
	EndGlobalSection
	GlobalSection(NestedProjects) = preSolution
		{29C5FFBA-8564-4E80-9039-EAF9720C7E2E} = {4B38BBCB-1416-4B14-BE8C-EAFEFC67E03A}
		{773E0F38-7BEC-40B6-88F9-6F476834FFD8} = {DBA25D26-8026-4D93-9F3A-B4F3DD144172}
		{443216A8-28FC-4E85-8F08-6FD33A2B0AE3} = {DBA25D26-8026-4D93-9F3A-B4F3DD144172}
		{B7F546CF-5755-480E-ADC1-901AF0FFFCB9} = {2517F46B-4498-490D-9A70-666B432EA4CB}
		{D6055091-C9EA-442D-B417-8B2E25BE54A5} = {9C685FA7-0269-4C8D-8B4D-A0C3F7342286}
	EndGlobalSection
	GlobalSection(ExtensibilityGlobals) = postSolution
		SolutionGuid = {CED9A157-CE35-40FF-97D2-6AD4AACF86D7}
	EndGlobalSection
EndGlobal
