
Microsoft Visual Studio Solution File, Format Version 12.00
# Visual Studio Version 17
VisualStudioVersion = 17.7.34202.233
MinimumVisualStudioVersion = 10.0.40219.1
Project("{9A19103F-16F7-4668-BE54-9A1E7A4F7556}") = "ECA.Application", "ECA.Application\ECA.Application.csproj", "{29C5FFBA-8564-4E80-9039-EAF9720C7E2E}"
EndProject
Project("{9A19103F-16F7-4668-BE54-9A1E7A4F7556}") = "ECA.Infrastructure.DataAccess", "ECA.Infrastructure.DataAccess\ECA.Infrastructure.DataAccess.csproj", "{773E0F38-7BEC-40B6-88F9-6F476834FFD8}"
EndProject
Project("{FAE04EC0-301F-11D3-BF4B-00C04F79EFBC}") = "ECA.Common", "ECA.Common\ECA.Common.csproj", "{B7F546CF-5755-480E-ADC1-901AF0FFFCB9}"
EndProject
Project("{FAE04EC0-301F-11D3-BF4B-00C04F79EFBC}") = "ECA.Domain", "ECA.Domain\ECA.Domain.csproj", "{D6055091-C9EA-442D-B417-8B2E25BE54A5}"
EndProject
Project("{FAE04EC0-301F-11D3-BF4B-00C04F79EFBC}") = "ECA.Application.Abstractions", "ECA.Application.Abstractions\ECA.Application.Abstractions.csproj", "{EFA08BFB-9134-43BD-BC7D-D7C6248B7C99}"
EndProject
Project("{FAE04EC0-301F-11D3-BF4B-00C04F79EFBC}") = "ECA.Presentation.Api", "ECA.Presentation.Api\ECA.Presentation.Api.csproj", "{80C72BC6-EE7C-4B0D-98EC-8279AA186C48}"
EndProject
Project("{FAE04EC0-301F-11D3-BF4B-00C04F79EFBC}") = "ECA.Presentation.Api.Contracts", "ECA.Presentation.Api.Contracts\ECA.Presentation.Api.Contracts.csproj", "{3859B5A0-F857-400C-90AF-085F3CB1CA5C}"
EndProject
Global
	GlobalSection(SolutionConfigurationPlatforms) = preSolution
		Debug|Any CPU = Debug|Any CPU
		Release|Any CPU = Release|Any CPU
	EndGlobalSection
	GlobalSection(ProjectConfigurationPlatforms) = postSolution
		{29C5FFBA-8564-4E80-9039-EAF9720C7E2E}.Debug|Any CPU.ActiveCfg = Debug|Any CPU
		{29C5FFBA-8564-4E80-9039-EAF9720C7E2E}.Debug|Any CPU.Build.0 = Debug|Any CPU
		{29C5FFBA-8564-4E80-9039-EAF9720C7E2E}.Release|Any CPU.ActiveCfg = Release|Any CPU
		{29C5FFBA-8564-4E80-9039-EAF9720C7E2E}.Release|Any CPU.Build.0 = Release|Any CPU
		{773E0F38-7BEC-40B6-88F9-6F476834FFD8}.Debug|Any CPU.ActiveCfg = Debug|Any CPU
		{773E0F38-7BEC-40B6-88F9-6F476834FFD8}.Debug|Any CPU.Build.0 = Debug|Any CPU
		{773E0F38-7BEC-40B6-88F9-6F476834FFD8}.Release|Any CPU.ActiveCfg = Release|Any CPU
		{773E0F38-7BEC-40B6-88F9-6F476834FFD8}.Release|Any CPU.Build.0 = Release|Any CPU
		{B7F546CF-5755-480E-ADC1-901AF0FFFCB9}.Debug|Any CPU.ActiveCfg = Debug|Any CPU
		{B7F546CF-5755-480E-ADC1-901AF0FFFCB9}.Debug|Any CPU.Build.0 = Debug|Any CPU
		{B7F546CF-5755-480E-ADC1-901AF0FFFCB9}.Release|Any CPU.ActiveCfg = Release|Any CPU
		{B7F546CF-5755-480E-ADC1-901AF0FFFCB9}.Release|Any CPU.Build.0 = Release|Any CPU
		{D6055091-C9EA-442D-B417-8B2E25BE54A5}.Debug|Any CPU.ActiveCfg = Debug|Any CPU
		{D6055091-C9EA-442D-B417-8B2E25BE54A5}.Debug|Any CPU.Build.0 = Debug|Any CPU
		{D6055091-C9EA-442D-B417-8B2E25BE54A5}.Release|Any CPU.ActiveCfg = Release|Any CPU
		{D6055091-C9EA-442D-B417-8B2E25BE54A5}.Release|Any CPU.Build.0 = Release|Any CPU
		{EFA08BFB-9134-43BD-BC7D-D7C6248B7C99}.Debug|Any CPU.ActiveCfg = Debug|Any CPU
		{EFA08BFB-9134-43BD-BC7D-D7C6248B7C99}.Debug|Any CPU.Build.0 = Debug|Any CPU
		{EFA08BFB-9134-43BD-BC7D-D7C6248B7C99}.Release|Any CPU.ActiveCfg = Release|Any CPU
		{EFA08BFB-9134-43BD-BC7D-D7C6248B7C99}.Release|Any CPU.Build.0 = Release|Any CPU
		{80C72BC6-EE7C-4B0D-98EC-8279AA186C48}.Debug|Any CPU.ActiveCfg = Debug|Any CPU
		{80C72BC6-EE7C-4B0D-98EC-8279AA186C48}.Debug|Any CPU.Build.0 = Debug|Any CPU
		{80C72BC6-EE7C-4B0D-98EC-8279AA186C48}.Release|Any CPU.ActiveCfg = Release|Any CPU
		{80C72BC6-EE7C-4B0D-98EC-8279AA186C48}.Release|Any CPU.Build.0 = Release|Any CPU
		{3859B5A0-F857-400C-90AF-085F3CB1CA5C}.Debug|Any CPU.ActiveCfg = Debug|Any CPU
		{3859B5A0-F857-400C-90AF-085F3CB1CA5C}.Debug|Any CPU.Build.0 = Debug|Any CPU
		{3859B5A0-F857-400C-90AF-085F3CB1CA5C}.Release|Any CPU.ActiveCfg = Release|Any CPU
		{3859B5A0-F857-400C-90AF-085F3CB1CA5C}.Release|Any CPU.Build.0 = Release|Any CPU
	EndGlobalSection
	GlobalSection(SolutionProperties) = preSolution
		HideSolutionNode = FALSE
	EndGlobalSection
	GlobalSection(NestedProjects) = preSolution
	EndGlobalSection
	GlobalSection(ExtensibilityGlobals) = postSolution
		SolutionGuid = {CED9A157-CE35-40FF-97D2-6AD4AACF86D7}
	EndGlobalSection
EndGlobal
